
Microsoft Visual Studio Solution File, Format Version 12.00
Project("{FAE04EC0-301F-11D3-BF4B-00C04F79EFBC}") = "Tut3", "Tut3\Tut3.csproj", "{B195EE88-605C-482B-913E-D2F1ED63C5AF}"
EndProject
Global
	GlobalSection(SolutionConfigurationPlatforms) = preSolution
		Debug|Any CPU = Debug|Any CPU
		Release|Any CPU = Release|Any CPU
	EndGlobalSection
	GlobalSection(ProjectConfigurationPlatforms) = postSolution
		{B195EE88-605C-482B-913E-D2F1ED63C5AF}.Debug|Any CPU.ActiveCfg = Debug|Any CPU
		{B195EE88-605C-482B-913E-D2F1ED63C5AF}.Debug|Any CPU.Build.0 = Debug|Any CPU
		{B195EE88-605C-482B-913E-D2F1ED63C5AF}.Release|Any CPU.ActiveCfg = Release|Any CPU
		{B195EE88-605C-482B-913E-D2F1ED63C5AF}.Release|Any CPU.Build.0 = Release|Any CPU
	EndGlobalSection
EndGlobal
